
Microsoft Visual Studio Solution File, Format Version 12.00
# Visual Studio Version 17
VisualStudioVersion = 17.4.33110.190
MinimumVisualStudioVersion = 10.0.40219.1
Project("{FAE04EC0-301F-11D3-BF4B-00C04F79EFBC}") = "WebForms", "WebForms\WebForms.csproj", "{8C866FC8-D6B3-4F3F-BFEC-660880012F63}"
EndProject
Project("{2150E333-8FDC-42A3-9474-1A3956D46DE8}") = "Solution Items", "Solution Items", "{3891703A-2026-47D5-B790-03D80B7EB15A}"
	ProjectSection(SolutionItems) = preProject
		README.md = README.md
	EndProjectSection
EndProject
Global
	GlobalSection(SolutionConfigurationPlatforms) = preSolution
		Debug|Any CPU = Debug|Any CPU
		Release|Any CPU = Release|Any CPU
	EndGlobalSection
	GlobalSection(ProjectConfigurationPlatforms) = postSolution
		{8C866FC8-D6B3-4F3F-BFEC-660880012F63}.Debug|Any CPU.ActiveCfg = Debug|Any CPU
		{8C866FC8-D6B3-4F3F-BFEC-660880012F63}.Debug|Any CPU.Build.0 = Debug|Any CPU
		{8C866FC8-D6B3-4F3F-BFEC-660880012F63}.Release|Any CPU.ActiveCfg = Release|Any CPU
		{8C866FC8-D6B3-4F3F-BFEC-660880012F63}.Release|Any CPU.Build.0 = Release|Any CPU
	EndGlobalSection
	GlobalSection(SolutionProperties) = preSolution
		HideSolutionNode = FALSE
	EndGlobalSection
	GlobalSection(ExtensibilityGlobals) = postSolution
		SolutionGuid = {1746446B-4B3A-4A69-8873-70B3FE166EFB}
	EndGlobalSection
EndGlobal
